
Microsoft Visual Studio Solution File, Format Version 12.00
# Visual Studio Version 17
VisualStudioVersion = 17.1.32407.343
MinimumVisualStudioVersion = 10.0.40219.1
Project("{FAE04EC0-301F-11D3-BF4B-00C04F79EFBC}") = "FoodApplication", "FoodApplication.csproj", "{E6E8FF65-881B-4240-B9CB-EA54A44CB9CA}"
EndProject
Global
	GlobalSection(SolutionConfigurationPlatforms) = preSolution
		Debug|Any CPU = Debug|Any CPU
		Release|Any CPU = Release|Any CPU
	EndGlobalSection
	GlobalSection(ProjectConfigurationPlatforms) = postSolution
		{E6E8FF65-881B-4240-B9CB-EA54A44CB9CA}.Debug|Any CPU.ActiveCfg = Debug|Any CPU
		{E6E8FF65-881B-4240-B9CB-EA54A44CB9CA}.Debug|Any CPU.Build.0 = Debug|Any CPU
		{E6E8FF65-881B-4240-B9CB-EA54A44CB9CA}.Release|Any CPU.ActiveCfg = Release|Any CPU
		{E6E8FF65-881B-4240-B9CB-EA54A44CB9CA}.Release|Any CPU.Build.0 = Release|Any CPU
	EndGlobalSection
	GlobalSection(SolutionProperties) = preSolution
		HideSolutionNode = FALSE
	EndGlobalSection
	GlobalSection(ExtensibilityGlobals) = postSolution
		SolutionGuid = {0298DAEB-1E38-46AA-B099-559368043857}
	EndGlobalSection
EndGlobal
